// !$*UTF8*$!
{
	archiveVersion = 1;
	classes = {
	};
	objectVersion = 51;
	objects = {

/* Begin PBXBuildFile section */
		061ACD8926DCA5B0005BD734 /* ArtistViewController.swift in Sources */ = {isa = PBXBuildFile; fileRef = 061ACD8726DCA5B0005BD734 /* ArtistViewController.swift */; };
		061ACD8A26DCA5B0005BD734 /* ArtistViewController.xib in Resources */ = {isa = PBXBuildFile; fileRef = 061ACD8826DCA5B0005BD734 /* ArtistViewController.xib */; };
		0672BF332695683E00DAA4C9 /* BaseViewController.swift in Sources */ = {isa = PBXBuildFile; fileRef = 0672BF322695683E00DAA4C9 /* BaseViewController.swift */; };
		0672BF362695688900DAA4C9 /* StartViewController.swift in Sources */ = {isa = PBXBuildFile; fileRef = 0672BF342695688900DAA4C9 /* StartViewController.swift */; };
		0672BF372695688900DAA4C9 /* StartViewController.xib in Resources */ = {isa = PBXBuildFile; fileRef = 0672BF352695688900DAA4C9 /* StartViewController.xib */; };
		0672BF3B26956CFE00DAA4C9 /* RegisterViewController.swift in Sources */ = {isa = PBXBuildFile; fileRef = 0672BF3926956CFE00DAA4C9 /* RegisterViewController.swift */; };
		0672BF3C26956CFE00DAA4C9 /* RegisterViewController.xib in Resources */ = {isa = PBXBuildFile; fileRef = 0672BF3A26956CFE00DAA4C9 /* RegisterViewController.xib */; };
		0672BF4026956D3000DAA4C9 /* LoginViewController.swift in Sources */ = {isa = PBXBuildFile; fileRef = 0672BF3E26956D3000DAA4C9 /* LoginViewController.swift */; };
		0672BF4126956D3000DAA4C9 /* LoginViewController.xib in Resources */ = {isa = PBXBuildFile; fileRef = 0672BF3F26956D3000DAA4C9 /* LoginViewController.xib */; };
		0672BF442695720E00DAA4C9 /* AuthObject.swift in Sources */ = {isa = PBXBuildFile; fileRef = 0672BF432695720E00DAA4C9 /* AuthObject.swift */; };
		0672BF472695726400DAA4C9 /* RegisterViewModel.swift in Sources */ = {isa = PBXBuildFile; fileRef = 0672BF462695726400DAA4C9 /* RegisterViewModel.swift */; };
		0672BF492695726D00DAA4C9 /* LoginViewModel.swift in Sources */ = {isa = PBXBuildFile; fileRef = 0672BF482695726D00DAA4C9 /* LoginViewModel.swift */; };
		0672BF4B269574FF00DAA4C9 /* AccountSettingModel.swift in Sources */ = {isa = PBXBuildFile; fileRef = 0672BF4A269574FF00DAA4C9 /* AccountSettingModel.swift */; };
		0672BF4E2695792900DAA4C9 /* GoogleService-Info.plist in Resources */ = {isa = PBXBuildFile; fileRef = 0672BF4D2695792900DAA4C9 /* GoogleService-Info.plist */; };
		067BB9A826DCB8A100253E23 /* RankingViewController.swift in Sources */ = {isa = PBXBuildFile; fileRef = 067BB9A626DCB8A100253E23 /* RankingViewController.swift */; };
		067BB9A926DCB8A100253E23 /* RankingViewController.xib in Resources */ = {isa = PBXBuildFile; fileRef = 067BB9A726DCB8A100253E23 /* RankingViewController.xib */; };
		067BB9AD26DCB93B00253E23 /* ArtistDetailViewController.swift in Sources */ = {isa = PBXBuildFile; fileRef = 067BB9AB26DCB93B00253E23 /* ArtistDetailViewController.swift */; };
		067BB9AE26DCB93B00253E23 /* ArtistDetailViewController.xib in Resources */ = {isa = PBXBuildFile; fileRef = 067BB9AC26DCB93B00253E23 /* ArtistDetailViewController.xib */; };
		067BB9B126DCBD7000253E23 /* ArtistDetailViewModel.swift in Sources */ = {isa = PBXBuildFile; fileRef = 067BB9B026DCBD7000253E23 /* ArtistDetailViewModel.swift */; };
		067BB9B626DCBE4C00253E23 /* ArtistMusicModel.swift in Sources */ = {isa = PBXBuildFile; fileRef = 067BB9B526DCBE4C00253E23 /* ArtistMusicModel.swift */; };
		067BB9B826DCBE7000253E23 /* MusicItem.swift in Sources */ = {isa = PBXBuildFile; fileRef = 067BB9B726DCBE7000253E23 /* MusicItem.swift */; };
		06A105E5269E70AE00B27A0C /* AccountSettingViewController.swift in Sources */ = {isa = PBXBuildFile; fileRef = 06A105E3269E70AE00B27A0C /* AccountSettingViewController.swift */; };
		06A105E6269E70AE00B27A0C /* AccountSettingViewController.xib in Resources */ = {isa = PBXBuildFile; fileRef = 06A105E4269E70AE00B27A0C /* AccountSettingViewController.xib */; };
		06A105EA269E7FD100B27A0C /* GenreViewController.swift in Sources */ = {isa = PBXBuildFile; fileRef = 06A105E8269E7FD100B27A0C /* GenreViewController.swift */; };
		06A105EB269E7FD100B27A0C /* GenreViewController.xib in Resources */ = {isa = PBXBuildFile; fileRef = 06A105E9269E7FD100B27A0C /* GenreViewController.xib */; };
		06A105EE269E803D00B27A0C /* AccountSettingViewModel.swift in Sources */ = {isa = PBXBuildFile; fileRef = 06A105ED269E803D00B27A0C /* AccountSettingViewModel.swift */; };
		06A105F0269E879600B27A0C /* GenreViewModel.swift in Sources */ = {isa = PBXBuildFile; fileRef = 06A105EF269E879600B27A0C /* GenreViewModel.swift */; };
		06A105F2269E92E000B27A0C /* FirestoreModel.swift in Sources */ = {isa = PBXBuildFile; fileRef = 06A105F1269E92E000B27A0C /* FirestoreModel.swift */; };
		06BB4EC426899852002B8576 /* AppDelegate.swift in Sources */ = {isa = PBXBuildFile; fileRef = 06BB4EC326899852002B8576 /* AppDelegate.swift */; };
		06BB4EC626899852002B8576 /* SceneDelegate.swift in Sources */ = {isa = PBXBuildFile; fileRef = 06BB4EC526899852002B8576 /* SceneDelegate.swift */; };
		06BB4ECD26899853002B8576 /* Assets.xcassets in Resources */ = {isa = PBXBuildFile; fileRef = 06BB4ECC26899853002B8576 /* Assets.xcassets */; };
		06BB4ED026899853002B8576 /* LaunchScreen.storyboard in Resources */ = {isa = PBXBuildFile; fileRef = 06BB4ECE26899853002B8576 /* LaunchScreen.storyboard */; };
		06BB4EDB26899853002B8576 /* MusicApp_iosTests.swift in Sources */ = {isa = PBXBuildFile; fileRef = 06BB4EDA26899853002B8576 /* MusicApp_iosTests.swift */; };
		06BB4EE626899853002B8576 /* MusicApp_iosUITests.swift in Sources */ = {isa = PBXBuildFile; fileRef = 06BB4EE526899853002B8576 /* MusicApp_iosUITests.swift */; };
		06BB4EF5268999D1002B8576 /* HomeViewController.swift in Sources */ = {isa = PBXBuildFile; fileRef = 06BB4EF3268999D1002B8576 /* HomeViewController.swift */; };
		06BB4EF6268999D1002B8576 /* HomeViewController.xib in Resources */ = {isa = PBXBuildFile; fileRef = 06BB4EF4268999D1002B8576 /* HomeViewController.xib */; };
		06BB4EFA26899A24002B8576 /* MusicNavigationController.swift in Sources */ = {isa = PBXBuildFile; fileRef = 06BB4EF926899A24002B8576 /* MusicNavigationController.swift */; };
		06BB4EFD2689A6D2002B8576 /* SearchViewController.swift in Sources */ = {isa = PBXBuildFile; fileRef = 06BB4EFB2689A6D2002B8576 /* SearchViewController.swift */; };
		06BB4EFE2689A6D2002B8576 /* SearchViewController.xib in Resources */ = {isa = PBXBuildFile; fileRef = 06BB4EFC2689A6D2002B8576 /* SearchViewController.xib */; };
		06BB4F022689A6E8002B8576 /* FavoriteViewController.swift in Sources */ = {isa = PBXBuildFile; fileRef = 06BB4F002689A6E8002B8576 /* FavoriteViewController.swift */; };
		06BB4F032689A6E8002B8576 /* FavoriteViewController.xib in Resources */ = {isa = PBXBuildFile; fileRef = 06BB4F012689A6E8002B8576 /* FavoriteViewController.xib */; };
		06BB4F072689A6FC002B8576 /* MyPageViewController.swift in Sources */ = {isa = PBXBuildFile; fileRef = 06BB4F052689A6FC002B8576 /* MyPageViewController.swift */; };
		06BB4F082689A6FC002B8576 /* MyPageViewController.xib in Resources */ = {isa = PBXBuildFile; fileRef = 06BB4F062689A6FC002B8576 /* MyPageViewController.xib */; };
		06BB4F0B2689AA49002B8576 /* UIColorExtension.swift in Sources */ = {isa = PBXBuildFile; fileRef = 06BB4F0A2689AA49002B8576 /* UIColorExtension.swift */; };
		06BB4F1D268C1296002B8576 /* ArtistCollectionViewCell.swift in Sources */ = {isa = PBXBuildFile; fileRef = 06BB4F1B268C1296002B8576 /* ArtistCollectionViewCell.swift */; };
		06BB4F1E268C1296002B8576 /* ArtistCollectionViewCell.xib in Resources */ = {isa = PBXBuildFile; fileRef = 06BB4F1C268C1296002B8576 /* ArtistCollectionViewCell.xib */; };
		06BB4F23268C34F1002B8576 /* HomeViewModel.swift in Sources */ = {isa = PBXBuildFile; fileRef = 06BB4F22268C34F1002B8576 /* HomeViewModel.swift */; };
		06BB4F26268C3C13002B8576 /* MusicViewController.swift in Sources */ = {isa = PBXBuildFile; fileRef = 06BB4F24268C3C13002B8576 /* MusicViewController.swift */; };
		06BB4F27268C3C13002B8576 /* MusicViewController.xib in Resources */ = {isa = PBXBuildFile; fileRef = 06BB4F25268C3C13002B8576 /* MusicViewController.xib */; };
		06F5808226D4B65000161B80 /* RecommendViewController.swift in Sources */ = {isa = PBXBuildFile; fileRef = 06F5808026D4B65000161B80 /* RecommendViewController.swift */; };
		06F5808326D4B65000161B80 /* RecommendViewController.xib in Resources */ = {isa = PBXBuildFile; fileRef = 06F5808126D4B65000161B80 /* RecommendViewController.xib */; };
		06F5808726D4B6E600161B80 /* RecommendTableViewCell.swift in Sources */ = {isa = PBXBuildFile; fileRef = 06F5808526D4B6E600161B80 /* RecommendTableViewCell.swift */; };
		06F5808826D4B6E600161B80 /* RecommendTableViewCell.xib in Resources */ = {isa = PBXBuildFile; fileRef = 06F5808626D4B6E600161B80 /* RecommendTableViewCell.xib */; };
		06F5808B26D4B83400161B80 /* ReccomendViewModel.swift in Sources */ = {isa = PBXBuildFile; fileRef = 06F5808A26D4B83400161B80 /* ReccomendViewModel.swift */; };
		06F5808E26D4C53000161B80 /* DecimalStyleUtils.swift in Sources */ = {isa = PBXBuildFile; fileRef = 06F5808D26D4C53000161B80 /* DecimalStyleUtils.swift */; };
		096BABDC86962888E0987FA8 /* Pods_MusicApp_ios.framework in Frameworks */ = {isa = PBXBuildFile; fileRef = EA3C2ED490553BAFC59D9BD9 /* Pods_MusicApp_ios.framework */; };
		3273E7CFE183C726FCEB985D /* libPods-MusicApp_iosUITests.a in Frameworks */ = {isa = PBXBuildFile; fileRef = EF8375A61FD8DF1E419B09A2 /* libPods-MusicApp_iosUITests.a */; };
		5EE38069A54068CC75CB85BE /* libPods-MusicApp_iosTests.a in Frameworks */ = {isa = PBXBuildFile; fileRef = B180DABDA4C5D91D17B85093 /* libPods-MusicApp_iosTests.a */; };
/* End PBXBuildFile section */

/* Begin PBXContainerItemProxy section */
		06BB4ED726899853002B8576 /* PBXContainerItemProxy */ = {
			isa = PBXContainerItemProxy;
			containerPortal = 06BB4EB826899852002B8576 /* Project object */;
			proxyType = 1;
			remoteGlobalIDString = 06BB4EBF26899852002B8576;
			remoteInfo = MusicApp_ios;
		};
		06BB4EE226899853002B8576 /* PBXContainerItemProxy */ = {
			isa = PBXContainerItemProxy;
			containerPortal = 06BB4EB826899852002B8576 /* Project object */;
			proxyType = 1;
			remoteGlobalIDString = 06BB4EBF26899852002B8576;
			remoteInfo = MusicApp_ios;
		};
/* End PBXContainerItemProxy section */

/* Begin PBXFileReference section */
		061ACD8726DCA5B0005BD734 /* ArtistViewController.swift */ = {isa = PBXFileReference; lastKnownFileType = sourcecode.swift; path = ArtistViewController.swift; sourceTree = "<group>"; };
		061ACD8826DCA5B0005BD734 /* ArtistViewController.xib */ = {isa = PBXFileReference; lastKnownFileType = file.xib; path = ArtistViewController.xib; sourceTree = "<group>"; };
		0672BF322695683E00DAA4C9 /* BaseViewController.swift */ = {isa = PBXFileReference; lastKnownFileType = sourcecode.swift; path = BaseViewController.swift; sourceTree = "<group>"; };
		0672BF342695688900DAA4C9 /* StartViewController.swift */ = {isa = PBXFileReference; lastKnownFileType = sourcecode.swift; path = StartViewController.swift; sourceTree = "<group>"; };
		0672BF352695688900DAA4C9 /* StartViewController.xib */ = {isa = PBXFileReference; lastKnownFileType = file.xib; path = StartViewController.xib; sourceTree = "<group>"; };
		0672BF3926956CFE00DAA4C9 /* RegisterViewController.swift */ = {isa = PBXFileReference; lastKnownFileType = sourcecode.swift; path = RegisterViewController.swift; sourceTree = "<group>"; };
		0672BF3A26956CFE00DAA4C9 /* RegisterViewController.xib */ = {isa = PBXFileReference; lastKnownFileType = file.xib; path = RegisterViewController.xib; sourceTree = "<group>"; };
		0672BF3E26956D3000DAA4C9 /* LoginViewController.swift */ = {isa = PBXFileReference; lastKnownFileType = sourcecode.swift; path = LoginViewController.swift; sourceTree = "<group>"; };
		0672BF3F26956D3000DAA4C9 /* LoginViewController.xib */ = {isa = PBXFileReference; lastKnownFileType = file.xib; path = LoginViewController.xib; sourceTree = "<group>"; };
		0672BF432695720E00DAA4C9 /* AuthObject.swift */ = {isa = PBXFileReference; lastKnownFileType = sourcecode.swift; path = AuthObject.swift; sourceTree = "<group>"; };
		0672BF462695726400DAA4C9 /* RegisterViewModel.swift */ = {isa = PBXFileReference; lastKnownFileType = sourcecode.swift; path = RegisterViewModel.swift; sourceTree = "<group>"; };
		0672BF482695726D00DAA4C9 /* LoginViewModel.swift */ = {isa = PBXFileReference; lastKnownFileType = sourcecode.swift; path = LoginViewModel.swift; sourceTree = "<group>"; };
		0672BF4A269574FF00DAA4C9 /* AccountSettingModel.swift */ = {isa = PBXFileReference; lastKnownFileType = sourcecode.swift; path = AccountSettingModel.swift; sourceTree = "<group>"; };
		0672BF4D2695792900DAA4C9 /* GoogleService-Info.plist */ = {isa = PBXFileReference; fileEncoding = 4; lastKnownFileType = text.plist.xml; path = "GoogleService-Info.plist"; sourceTree = "<group>"; };
		067BB9A626DCB8A100253E23 /* RankingViewController.swift */ = {isa = PBXFileReference; lastKnownFileType = sourcecode.swift; path = RankingViewController.swift; sourceTree = "<group>"; };
		067BB9A726DCB8A100253E23 /* RankingViewController.xib */ = {isa = PBXFileReference; lastKnownFileType = file.xib; path = RankingViewController.xib; sourceTree = "<group>"; };
		067BB9AB26DCB93B00253E23 /* ArtistDetailViewController.swift */ = {isa = PBXFileReference; lastKnownFileType = sourcecode.swift; path = ArtistDetailViewController.swift; sourceTree = "<group>"; };
		067BB9AC26DCB93B00253E23 /* ArtistDetailViewController.xib */ = {isa = PBXFileReference; lastKnownFileType = file.xib; path = ArtistDetailViewController.xib; sourceTree = "<group>"; };
		067BB9B026DCBD7000253E23 /* ArtistDetailViewModel.swift */ = {isa = PBXFileReference; lastKnownFileType = sourcecode.swift; path = ArtistDetailViewModel.swift; sourceTree = "<group>"; };
		067BB9B526DCBE4C00253E23 /* ArtistMusicModel.swift */ = {isa = PBXFileReference; lastKnownFileType = sourcecode.swift; path = ArtistMusicModel.swift; sourceTree = "<group>"; };
		067BB9B726DCBE7000253E23 /* MusicItem.swift */ = {isa = PBXFileReference; lastKnownFileType = sourcecode.swift; path = MusicItem.swift; sourceTree = "<group>"; };
		06A105E3269E70AE00B27A0C /* AccountSettingViewController.swift */ = {isa = PBXFileReference; lastKnownFileType = sourcecode.swift; path = AccountSettingViewController.swift; sourceTree = "<group>"; };
		06A105E4269E70AE00B27A0C /* AccountSettingViewController.xib */ = {isa = PBXFileReference; lastKnownFileType = file.xib; path = AccountSettingViewController.xib; sourceTree = "<group>"; };
		06A105E8269E7FD100B27A0C /* GenreViewController.swift */ = {isa = PBXFileReference; lastKnownFileType = sourcecode.swift; path = GenreViewController.swift; sourceTree = "<group>"; };
		06A105E9269E7FD100B27A0C /* GenreViewController.xib */ = {isa = PBXFileReference; lastKnownFileType = file.xib; path = GenreViewController.xib; sourceTree = "<group>"; };
		06A105ED269E803D00B27A0C /* AccountSettingViewModel.swift */ = {isa = PBXFileReference; lastKnownFileType = sourcecode.swift; path = AccountSettingViewModel.swift; sourceTree = "<group>"; };
		06A105EF269E879600B27A0C /* GenreViewModel.swift */ = {isa = PBXFileReference; lastKnownFileType = sourcecode.swift; path = GenreViewModel.swift; sourceTree = "<group>"; };
		06A105F1269E92E000B27A0C /* FirestoreModel.swift */ = {isa = PBXFileReference; lastKnownFileType = sourcecode.swift; path = FirestoreModel.swift; sourceTree = "<group>"; };
		06BB4EC026899852002B8576 /* MusicApp_ios.app */ = {isa = PBXFileReference; explicitFileType = wrapper.application; includeInIndex = 0; path = MusicApp_ios.app; sourceTree = BUILT_PRODUCTS_DIR; };
		06BB4EC326899852002B8576 /* AppDelegate.swift */ = {isa = PBXFileReference; lastKnownFileType = sourcecode.swift; path = AppDelegate.swift; sourceTree = "<group>"; };
		06BB4EC526899852002B8576 /* SceneDelegate.swift */ = {isa = PBXFileReference; lastKnownFileType = sourcecode.swift; path = SceneDelegate.swift; sourceTree = "<group>"; };
		06BB4ECC26899853002B8576 /* Assets.xcassets */ = {isa = PBXFileReference; lastKnownFileType = folder.assetcatalog; path = Assets.xcassets; sourceTree = "<group>"; };
		06BB4ECF26899853002B8576 /* Base */ = {isa = PBXFileReference; lastKnownFileType = file.storyboard; name = Base; path = Base.lproj/LaunchScreen.storyboard; sourceTree = "<group>"; };
		06BB4ED126899853002B8576 /* Info.plist */ = {isa = PBXFileReference; lastKnownFileType = text.plist.xml; path = Info.plist; sourceTree = "<group>"; };
		06BB4ED626899853002B8576 /* MusicApp_iosTests.xctest */ = {isa = PBXFileReference; explicitFileType = wrapper.cfbundle; includeInIndex = 0; path = MusicApp_iosTests.xctest; sourceTree = BUILT_PRODUCTS_DIR; };
		06BB4EDA26899853002B8576 /* MusicApp_iosTests.swift */ = {isa = PBXFileReference; lastKnownFileType = sourcecode.swift; path = MusicApp_iosTests.swift; sourceTree = "<group>"; };
		06BB4EDC26899853002B8576 /* Info.plist */ = {isa = PBXFileReference; lastKnownFileType = text.plist.xml; path = Info.plist; sourceTree = "<group>"; };
		06BB4EE126899853002B8576 /* MusicApp_iosUITests.xctest */ = {isa = PBXFileReference; explicitFileType = wrapper.cfbundle; includeInIndex = 0; path = MusicApp_iosUITests.xctest; sourceTree = BUILT_PRODUCTS_DIR; };
		06BB4EE526899853002B8576 /* MusicApp_iosUITests.swift */ = {isa = PBXFileReference; lastKnownFileType = sourcecode.swift; path = MusicApp_iosUITests.swift; sourceTree = "<group>"; };
		06BB4EE726899853002B8576 /* Info.plist */ = {isa = PBXFileReference; lastKnownFileType = text.plist.xml; path = Info.plist; sourceTree = "<group>"; };
		06BB4EF3268999D1002B8576 /* HomeViewController.swift */ = {isa = PBXFileReference; lastKnownFileType = sourcecode.swift; path = HomeViewController.swift; sourceTree = "<group>"; };
		06BB4EF4268999D1002B8576 /* HomeViewController.xib */ = {isa = PBXFileReference; lastKnownFileType = file.xib; path = HomeViewController.xib; sourceTree = "<group>"; };
		06BB4EF926899A24002B8576 /* MusicNavigationController.swift */ = {isa = PBXFileReference; lastKnownFileType = sourcecode.swift; path = MusicNavigationController.swift; sourceTree = "<group>"; };
		06BB4EFB2689A6D2002B8576 /* SearchViewController.swift */ = {isa = PBXFileReference; lastKnownFileType = sourcecode.swift; path = SearchViewController.swift; sourceTree = "<group>"; };
		06BB4EFC2689A6D2002B8576 /* SearchViewController.xib */ = {isa = PBXFileReference; lastKnownFileType = file.xib; path = SearchViewController.xib; sourceTree = "<group>"; };
		06BB4F002689A6E8002B8576 /* FavoriteViewController.swift */ = {isa = PBXFileReference; lastKnownFileType = sourcecode.swift; path = FavoriteViewController.swift; sourceTree = "<group>"; };
		06BB4F012689A6E8002B8576 /* FavoriteViewController.xib */ = {isa = PBXFileReference; lastKnownFileType = file.xib; path = FavoriteViewController.xib; sourceTree = "<group>"; };
		06BB4F052689A6FC002B8576 /* MyPageViewController.swift */ = {isa = PBXFileReference; lastKnownFileType = sourcecode.swift; path = MyPageViewController.swift; sourceTree = "<group>"; };
		06BB4F062689A6FC002B8576 /* MyPageViewController.xib */ = {isa = PBXFileReference; lastKnownFileType = file.xib; path = MyPageViewController.xib; sourceTree = "<group>"; };
		06BB4F0A2689AA49002B8576 /* UIColorExtension.swift */ = {isa = PBXFileReference; lastKnownFileType = sourcecode.swift; path = UIColorExtension.swift; sourceTree = "<group>"; };
		06BB4F1B268C1296002B8576 /* ArtistCollectionViewCell.swift */ = {isa = PBXFileReference; lastKnownFileType = sourcecode.swift; path = ArtistCollectionViewCell.swift; sourceTree = "<group>"; };
		06BB4F1C268C1296002B8576 /* ArtistCollectionViewCell.xib */ = {isa = PBXFileReference; lastKnownFileType = file.xib; path = ArtistCollectionViewCell.xib; sourceTree = "<group>"; };
		06BB4F22268C34F1002B8576 /* HomeViewModel.swift */ = {isa = PBXFileReference; lastKnownFileType = sourcecode.swift; path = HomeViewModel.swift; sourceTree = "<group>"; };
		06BB4F24268C3C13002B8576 /* MusicViewController.swift */ = {isa = PBXFileReference; lastKnownFileType = sourcecode.swift; path = MusicViewController.swift; sourceTree = "<group>"; };
		06BB4F25268C3C13002B8576 /* MusicViewController.xib */ = {isa = PBXFileReference; lastKnownFileType = file.xib; path = MusicViewController.xib; sourceTree = "<group>"; };
		06F5808026D4B65000161B80 /* RecommendViewController.swift */ = {isa = PBXFileReference; lastKnownFileType = sourcecode.swift; path = RecommendViewController.swift; sourceTree = "<group>"; };
		06F5808126D4B65000161B80 /* RecommendViewController.xib */ = {isa = PBXFileReference; lastKnownFileType = file.xib; path = RecommendViewController.xib; sourceTree = "<group>"; };
		06F5808526D4B6E600161B80 /* RecommendTableViewCell.swift */ = {isa = PBXFileReference; lastKnownFileType = sourcecode.swift; path = RecommendTableViewCell.swift; sourceTree = "<group>"; };
		06F5808626D4B6E600161B80 /* RecommendTableViewCell.xib */ = {isa = PBXFileReference; lastKnownFileType = file.xib; path = RecommendTableViewCell.xib; sourceTree = "<group>"; };
		06F5808A26D4B83400161B80 /* ReccomendViewModel.swift */ = {isa = PBXFileReference; lastKnownFileType = sourcecode.swift; path = ReccomendViewModel.swift; sourceTree = "<group>"; };
		06F5808D26D4C53000161B80 /* DecimalStyleUtils.swift */ = {isa = PBXFileReference; lastKnownFileType = sourcecode.swift; path = DecimalStyleUtils.swift; sourceTree = "<group>"; };
		2DDC62A9167A07F59DAD5BD2 /* Pods-MusicApp_iosTests.debug.xcconfig */ = {isa = PBXFileReference; includeInIndex = 1; lastKnownFileType = text.xcconfig; name = "Pods-MusicApp_iosTests.debug.xcconfig"; path = "Target Support Files/Pods-MusicApp_iosTests/Pods-MusicApp_iosTests.debug.xcconfig"; sourceTree = "<group>"; };
		71BA3F46B636B9DA8824E03B /* Pods-MusicApp_iosUITests.debug.xcconfig */ = {isa = PBXFileReference; includeInIndex = 1; lastKnownFileType = text.xcconfig; name = "Pods-MusicApp_iosUITests.debug.xcconfig"; path = "Target Support Files/Pods-MusicApp_iosUITests/Pods-MusicApp_iosUITests.debug.xcconfig"; sourceTree = "<group>"; };
		796FD70C89CD08017751DBEC /* Pods-MusicApp_ios.debug.xcconfig */ = {isa = PBXFileReference; includeInIndex = 1; lastKnownFileType = text.xcconfig; name = "Pods-MusicApp_ios.debug.xcconfig"; path = "Target Support Files/Pods-MusicApp_ios/Pods-MusicApp_ios.debug.xcconfig"; sourceTree = "<group>"; };
		7AC7CCB37D056A0E928D5B93 /* Pods-MusicApp_iosTests.release.xcconfig */ = {isa = PBXFileReference; includeInIndex = 1; lastKnownFileType = text.xcconfig; name = "Pods-MusicApp_iosTests.release.xcconfig"; path = "Target Support Files/Pods-MusicApp_iosTests/Pods-MusicApp_iosTests.release.xcconfig"; sourceTree = "<group>"; };
		B180DABDA4C5D91D17B85093 /* libPods-MusicApp_iosTests.a */ = {isa = PBXFileReference; explicitFileType = archive.ar; includeInIndex = 0; path = "libPods-MusicApp_iosTests.a"; sourceTree = BUILT_PRODUCTS_DIR; };
		E08F2AA3A5CAF3933BDB0A2A /* Pods-MusicApp_ios.release.xcconfig */ = {isa = PBXFileReference; includeInIndex = 1; lastKnownFileType = text.xcconfig; name = "Pods-MusicApp_ios.release.xcconfig"; path = "Target Support Files/Pods-MusicApp_ios/Pods-MusicApp_ios.release.xcconfig"; sourceTree = "<group>"; };
		E497D8245EE7E752C4A43005 /* Pods-MusicApp_iosUITests.release.xcconfig */ = {isa = PBXFileReference; includeInIndex = 1; lastKnownFileType = text.xcconfig; name = "Pods-MusicApp_iosUITests.release.xcconfig"; path = "Target Support Files/Pods-MusicApp_iosUITests/Pods-MusicApp_iosUITests.release.xcconfig"; sourceTree = "<group>"; };
		EA3C2ED490553BAFC59D9BD9 /* Pods_MusicApp_ios.framework */ = {isa = PBXFileReference; explicitFileType = wrapper.framework; includeInIndex = 0; path = Pods_MusicApp_ios.framework; sourceTree = BUILT_PRODUCTS_DIR; };
		EF8375A61FD8DF1E419B09A2 /* libPods-MusicApp_iosUITests.a */ = {isa = PBXFileReference; explicitFileType = archive.ar; includeInIndex = 0; path = "libPods-MusicApp_iosUITests.a"; sourceTree = BUILT_PRODUCTS_DIR; };
/* End PBXFileReference section */

/* Begin PBXFrameworksBuildPhase section */
		06BB4EBD26899852002B8576 /* Frameworks */ = {
			isa = PBXFrameworksBuildPhase;
			buildActionMask = 2147483647;
			files = (
				096BABDC86962888E0987FA8 /* Pods_MusicApp_ios.framework in Frameworks */,
			);
			runOnlyForDeploymentPostprocessing = 0;
		};
		06BB4ED326899853002B8576 /* Frameworks */ = {
			isa = PBXFrameworksBuildPhase;
			buildActionMask = 2147483647;
			files = (
				5EE38069A54068CC75CB85BE /* libPods-MusicApp_iosTests.a in Frameworks */,
			);
			runOnlyForDeploymentPostprocessing = 0;
		};
		06BB4EDE26899853002B8576 /* Frameworks */ = {
			isa = PBXFrameworksBuildPhase;
			buildActionMask = 2147483647;
			files = (
				3273E7CFE183C726FCEB985D /* libPods-MusicApp_iosUITests.a in Frameworks */,
			);
			runOnlyForDeploymentPostprocessing = 0;
		};
/* End PBXFrameworksBuildPhase section */

/* Begin PBXGroup section */
		061ACD8B26DCA5B3005BD734 /* Artist */ = {
			isa = PBXGroup;
			children = (
				061ACD8726DCA5B0005BD734 /* ArtistViewController.swift */,
				061ACD8826DCA5B0005BD734 /* ArtistViewController.xib */,
			);
			path = Artist;
			sourceTree = "<group>";
		};
		0672BF382695688E00DAA4C9 /* Start */ = {
			isa = PBXGroup;
			children = (
				0672BF342695688900DAA4C9 /* StartViewController.swift */,
				0672BF352695688900DAA4C9 /* StartViewController.xib */,
			);
			path = Start;
			sourceTree = "<group>";
		};
		0672BF3D26956D0300DAA4C9 /* Register */ = {
			isa = PBXGroup;
			children = (
				0672BF3926956CFE00DAA4C9 /* RegisterViewController.swift */,
				0672BF3A26956CFE00DAA4C9 /* RegisterViewController.xib */,
				0672BF462695726400DAA4C9 /* RegisterViewModel.swift */,
			);
			path = Register;
			sourceTree = "<group>";
		};
		0672BF4226956D3400DAA4C9 /* Login */ = {
			isa = PBXGroup;
			children = (
				0672BF3E26956D3000DAA4C9 /* LoginViewController.swift */,
				0672BF3F26956D3000DAA4C9 /* LoginViewController.xib */,
				0672BF482695726D00DAA4C9 /* LoginViewModel.swift */,
			);
			path = Login;
			sourceTree = "<group>";
		};
		0672BF452695721300DAA4C9 /* Objects */ = {
			isa = PBXGroup;
			children = (
				0672BF432695720E00DAA4C9 /* AuthObject.swift */,
			);
			path = Objects;
			sourceTree = "<group>";
		};
		0672BF4C2695750700DAA4C9 /* Model */ = {
			isa = PBXGroup;
			children = (
				067BB9B226DCBE1800253E23 /* Firebase */,
				067BB9B426DCBE2700253E23 /* ArtistDetail */,
				067BB9B326DCBE1F00253E23 /* AccountSettings */,
			);
			path = Model;
			sourceTree = "<group>";
		};
		067BB9AA26DCB8A500253E23 /* Ranking */ = {
			isa = PBXGroup;
			children = (
				067BB9A626DCB8A100253E23 /* RankingViewController.swift */,
				067BB9A726DCB8A100253E23 /* RankingViewController.xib */,
			);
			path = Ranking;
			sourceTree = "<group>";
		};
		067BB9AF26DCB94000253E23 /* ArtistDetail */ = {
			isa = PBXGroup;
			children = (
				067BB9AB26DCB93B00253E23 /* ArtistDetailViewController.swift */,
				067BB9AC26DCB93B00253E23 /* ArtistDetailViewController.xib */,
				067BB9B026DCBD7000253E23 /* ArtistDetailViewModel.swift */,
			);
			path = ArtistDetail;
			sourceTree = "<group>";
		};
		067BB9B226DCBE1800253E23 /* Firebase */ = {
			isa = PBXGroup;
			children = (
				06A105F1269E92E000B27A0C /* FirestoreModel.swift */,
			);
			path = Firebase;
			sourceTree = "<group>";
		};
		067BB9B326DCBE1F00253E23 /* AccountSettings */ = {
			isa = PBXGroup;
			children = (
				0672BF4A269574FF00DAA4C9 /* AccountSettingModel.swift */,
			);
			path = AccountSettings;
			sourceTree = "<group>";
		};
		067BB9B426DCBE2700253E23 /* ArtistDetail */ = {
			isa = PBXGroup;
			children = (
				067BB9B526DCBE4C00253E23 /* ArtistMusicModel.swift */,
				067BB9B726DCBE7000253E23 /* MusicItem.swift */,
			);
			path = ArtistDetail;
			sourceTree = "<group>";
		};
		06A105E7269E70B500B27A0C /* AccountSetting */ = {
			isa = PBXGroup;
			children = (
				06A105E3269E70AE00B27A0C /* AccountSettingViewController.swift */,
				06A105E4269E70AE00B27A0C /* AccountSettingViewController.xib */,
				06A105ED269E803D00B27A0C /* AccountSettingViewModel.swift */,
			);
			path = AccountSetting;
			sourceTree = "<group>";
		};
		06A105EC269E7FD600B27A0C /* Genre */ = {
			isa = PBXGroup;
			children = (
				06A105E8269E7FD100B27A0C /* GenreViewController.swift */,
				06A105E9269E7FD100B27A0C /* GenreViewController.xib */,
				06A105EF269E879600B27A0C /* GenreViewModel.swift */,
			);
			path = Genre;
			sourceTree = "<group>";
		};
		06BB4EB726899852002B8576 = {
			isa = PBXGroup;
			children = (
				06BB4EC226899852002B8576 /* MusicApp_ios */,
				06BB4ED926899853002B8576 /* MusicApp_iosTests */,
				06BB4EE426899853002B8576 /* MusicApp_iosUITests */,
				06BB4EC126899852002B8576 /* Products */,
				5C0969D3D9729256E3834D69 /* Pods */,
				236EFC313C7F65A221A45F2F /* Frameworks */,
			);
			sourceTree = "<group>";
		};
		06BB4EC126899852002B8576 /* Products */ = {
			isa = PBXGroup;
			children = (
				06BB4EC026899852002B8576 /* MusicApp_ios.app */,
				06BB4ED626899853002B8576 /* MusicApp_iosTests.xctest */,
				06BB4EE126899853002B8576 /* MusicApp_iosUITests.xctest */,
			);
			name = Products;
			sourceTree = "<group>";
		};
		06BB4EC226899852002B8576 /* MusicApp_ios */ = {
			isa = PBXGroup;
			children = (
				06BB4EC326899852002B8576 /* AppDelegate.swift */,
				06BB4EC526899852002B8576 /* SceneDelegate.swift */,
				06BB4EF926899A24002B8576 /* MusicNavigationController.swift */,
				06F5808C26D4C50200161B80 /* Utils */,
				0672BF452695721300DAA4C9 /* Objects */,
				0672BF4C2695750700DAA4C9 /* Model */,
				06BB4F0C2689AA4C002B8576 /* Extensions */,
				06BB4EF7268999D5002B8576 /* Views */,
				06BB4ECC26899853002B8576 /* Assets.xcassets */,
				06BB4ECE26899853002B8576 /* LaunchScreen.storyboard */,
				06BB4ED126899853002B8576 /* Info.plist */,
				0672BF4D2695792900DAA4C9 /* GoogleService-Info.plist */,
			);
			path = MusicApp_ios;
			sourceTree = "<group>";
		};
		06BB4ED926899853002B8576 /* MusicApp_iosTests */ = {
			isa = PBXGroup;
			children = (
				06BB4EDA26899853002B8576 /* MusicApp_iosTests.swift */,
				06BB4EDC26899853002B8576 /* Info.plist */,
			);
			path = MusicApp_iosTests;
			sourceTree = "<group>";
		};
		06BB4EE426899853002B8576 /* MusicApp_iosUITests */ = {
			isa = PBXGroup;
			children = (
				06BB4EE526899853002B8576 /* MusicApp_iosUITests.swift */,
				06BB4EE726899853002B8576 /* Info.plist */,
			);
			path = MusicApp_iosUITests;
			sourceTree = "<group>";
		};
		06BB4EF7268999D5002B8576 /* Views */ = {
			isa = PBXGroup;
			children = (
				0672BF322695683E00DAA4C9 /* BaseViewController.swift */,
				0672BF382695688E00DAA4C9 /* Start */,
				0672BF3D26956D0300DAA4C9 /* Register */,
				0672BF4226956D3400DAA4C9 /* Login */,
				06A105E7269E70B500B27A0C /* AccountSetting */,
				06A105EC269E7FD600B27A0C /* Genre */,
				06BB4EF8268999DD002B8576 /* Home */,
				06BB4EFF2689A6D6002B8576 /* Search */,
				06BB4F042689A6ED002B8576 /* Favorite */,
				06BB4F092689A701002B8576 /* MyPage */,
				06BB4F28268C3C17002B8576 /* Music */,
				06F5808426D4B65300161B80 /* Recommned */,
				061ACD8B26DCA5B3005BD734 /* Artist */,
				067BB9AF26DCB94000253E23 /* ArtistDetail */,
				067BB9AA26DCB8A500253E23 /* Ranking */,
			);
			path = Views;
			sourceTree = "<group>";
		};
		06BB4EF8268999DD002B8576 /* Home */ = {
			isa = PBXGroup;
			children = (
				06BB4EF3268999D1002B8576 /* HomeViewController.swift */,
				06BB4EF4268999D1002B8576 /* HomeViewController.xib */,
				06BB4F22268C34F1002B8576 /* HomeViewModel.swift */,
				06BB4F1F268C129A002B8576 /* CollectionViewCell */,
			);
			path = Home;
			sourceTree = "<group>";
		};
		06BB4EFF2689A6D6002B8576 /* Search */ = {
			isa = PBXGroup;
			children = (
				06BB4EFB2689A6D2002B8576 /* SearchViewController.swift */,
				06BB4EFC2689A6D2002B8576 /* SearchViewController.xib */,
			);
			path = Search;
			sourceTree = "<group>";
		};
		06BB4F042689A6ED002B8576 /* Favorite */ = {
			isa = PBXGroup;
			children = (
				06BB4F002689A6E8002B8576 /* FavoriteViewController.swift */,
				06BB4F012689A6E8002B8576 /* FavoriteViewController.xib */,
			);
			path = Favorite;
			sourceTree = "<group>";
		};
		06BB4F092689A701002B8576 /* MyPage */ = {
			isa = PBXGroup;
			children = (
				06BB4F052689A6FC002B8576 /* MyPageViewController.swift */,
				06BB4F062689A6FC002B8576 /* MyPageViewController.xib */,
			);
			path = MyPage;
			sourceTree = "<group>";
		};
		06BB4F0C2689AA4C002B8576 /* Extensions */ = {
			isa = PBXGroup;
			children = (
				06BB4F0A2689AA49002B8576 /* UIColorExtension.swift */,
			);
			path = Extensions;
			sourceTree = "<group>";
		};
		06BB4F1F268C129A002B8576 /* CollectionViewCell */ = {
			isa = PBXGroup;
			children = (
				06BB4F1B268C1296002B8576 /* ArtistCollectionViewCell.swift */,
				06BB4F1C268C1296002B8576 /* ArtistCollectionViewCell.xib */,
			);
			path = CollectionViewCell;
			sourceTree = "<group>";
		};
		06BB4F28268C3C17002B8576 /* Music */ = {
			isa = PBXGroup;
			children = (
				06BB4F24268C3C13002B8576 /* MusicViewController.swift */,
				06BB4F25268C3C13002B8576 /* MusicViewController.xib */,
			);
			path = Music;
			sourceTree = "<group>";
		};
		06F5808426D4B65300161B80 /* Recommned */ = {
			isa = PBXGroup;
			children = (
				06F5808026D4B65000161B80 /* RecommendViewController.swift */,
				06F5808126D4B65000161B80 /* RecommendViewController.xib */,
				06F5808A26D4B83400161B80 /* ReccomendViewModel.swift */,
				06F5808926D4B6E900161B80 /* TableViewCell */,
			);
			path = Recommned;
			sourceTree = "<group>";
		};
		06F5808926D4B6E900161B80 /* TableViewCell */ = {
			isa = PBXGroup;
			children = (
				06F5808526D4B6E600161B80 /* RecommendTableViewCell.swift */,
				06F5808626D4B6E600161B80 /* RecommendTableViewCell.xib */,
			);
			path = TableViewCell;
			sourceTree = "<group>";
		};
		06F5808C26D4C50200161B80 /* Utils */ = {
			isa = PBXGroup;
			children = (
				06F5808D26D4C53000161B80 /* DecimalStyleUtils.swift */,
			);
			path = Utils;
			sourceTree = "<group>";
		};
		236EFC313C7F65A221A45F2F /* Frameworks */ = {
			isa = PBXGroup;
			children = (
				EA3C2ED490553BAFC59D9BD9 /* Pods_MusicApp_ios.framework */,
				B180DABDA4C5D91D17B85093 /* libPods-MusicApp_iosTests.a */,
				EF8375A61FD8DF1E419B09A2 /* libPods-MusicApp_iosUITests.a */,
			);
			name = Frameworks;
			sourceTree = "<group>";
		};
		5C0969D3D9729256E3834D69 /* Pods */ = {
			isa = PBXGroup;
			children = (
				796FD70C89CD08017751DBEC /* Pods-MusicApp_ios.debug.xcconfig */,
				E08F2AA3A5CAF3933BDB0A2A /* Pods-MusicApp_ios.release.xcconfig */,
				2DDC62A9167A07F59DAD5BD2 /* Pods-MusicApp_iosTests.debug.xcconfig */,
				7AC7CCB37D056A0E928D5B93 /* Pods-MusicApp_iosTests.release.xcconfig */,
				71BA3F46B636B9DA8824E03B /* Pods-MusicApp_iosUITests.debug.xcconfig */,
				E497D8245EE7E752C4A43005 /* Pods-MusicApp_iosUITests.release.xcconfig */,
			);
			path = Pods;
			sourceTree = "<group>";
		};
/* End PBXGroup section */

/* Begin PBXNativeTarget section */
		06BB4EBF26899852002B8576 /* MusicApp_ios */ = {
			isa = PBXNativeTarget;
			buildConfigurationList = 06BB4EEA26899853002B8576 /* Build configuration list for PBXNativeTarget "MusicApp_ios" */;
			buildPhases = (
				4FE7789B9A9893EBC9DF6A1A /* [CP] Check Pods Manifest.lock */,
				06BB4EBC26899852002B8576 /* Sources */,
				06BB4EBD26899852002B8576 /* Frameworks */,
				06BB4EBE26899852002B8576 /* Resources */,
				A4E2229C801A69C464489147 /* [CP] Embed Pods Frameworks */,
				1CA7FAD92B59D60EAFCF3D81 /* [CP] Copy Pods Resources */,
			);
			buildRules = (
			);
			dependencies = (
			);
			name = MusicApp_ios;
			productName = MusicApp_ios;
			productReference = 06BB4EC026899852002B8576 /* MusicApp_ios.app */;
			productType = "com.apple.product-type.application";
		};
		06BB4ED526899853002B8576 /* MusicApp_iosTests */ = {
			isa = PBXNativeTarget;
			buildConfigurationList = 06BB4EED26899853002B8576 /* Build configuration list for PBXNativeTarget "MusicApp_iosTests" */;
			buildPhases = (
				EF852D9FB4390A1560EAF51C /* [CP] Check Pods Manifest.lock */,
				06BB4ED226899853002B8576 /* Sources */,
				06BB4ED326899853002B8576 /* Frameworks */,
				06BB4ED426899853002B8576 /* Resources */,
			);
			buildRules = (
			);
			dependencies = (
				06BB4ED826899853002B8576 /* PBXTargetDependency */,
			);
			name = MusicApp_iosTests;
			productName = MusicApp_iosTests;
			productReference = 06BB4ED626899853002B8576 /* MusicApp_iosTests.xctest */;
			productType = "com.apple.product-type.bundle.unit-test";
		};
		06BB4EE026899853002B8576 /* MusicApp_iosUITests */ = {
			isa = PBXNativeTarget;
			buildConfigurationList = 06BB4EF026899853002B8576 /* Build configuration list for PBXNativeTarget "MusicApp_iosUITests" */;
			buildPhases = (
				ED14E08FD9381D6DFA14E1D2 /* [CP] Check Pods Manifest.lock */,
				06BB4EDD26899853002B8576 /* Sources */,
				06BB4EDE26899853002B8576 /* Frameworks */,
				06BB4EDF26899853002B8576 /* Resources */,
			);
			buildRules = (
			);
			dependencies = (
				06BB4EE326899853002B8576 /* PBXTargetDependency */,
			);
			name = MusicApp_iosUITests;
			productName = MusicApp_iosUITests;
			productReference = 06BB4EE126899853002B8576 /* MusicApp_iosUITests.xctest */;
			productType = "com.apple.product-type.bundle.ui-testing";
		};
/* End PBXNativeTarget section */

/* Begin PBXProject section */
		06BB4EB826899852002B8576 /* Project object */ = {
			isa = PBXProject;
			attributes = {
				LastSwiftUpdateCheck = 1250;
				LastUpgradeCheck = 1250;
				TargetAttributes = {
					06BB4EBF26899852002B8576 = {
						CreatedOnToolsVersion = 12.5;
					};
					06BB4ED526899853002B8576 = {
						CreatedOnToolsVersion = 12.5;
						TestTargetID = 06BB4EBF26899852002B8576;
					};
					06BB4EE026899853002B8576 = {
						CreatedOnToolsVersion = 12.5;
						TestTargetID = 06BB4EBF26899852002B8576;
					};
				};
			};
			buildConfigurationList = 06BB4EBB26899852002B8576 /* Build configuration list for PBXProject "MusicApp_ios" */;
			compatibilityVersion = "Xcode 9.3";
			developmentRegion = en;
			hasScannedForEncodings = 0;
			knownRegions = (
				en,
				Base,
			);
			mainGroup = 06BB4EB726899852002B8576;
			productRefGroup = 06BB4EC126899852002B8576 /* Products */;
			projectDirPath = "";
			projectRoot = "";
			targets = (
				06BB4EBF26899852002B8576 /* MusicApp_ios */,
				06BB4ED526899853002B8576 /* MusicApp_iosTests */,
				06BB4EE026899853002B8576 /* MusicApp_iosUITests */,
			);
		};
/* End PBXProject section */

/* Begin PBXResourcesBuildPhase section */
		06BB4EBE26899852002B8576 /* Resources */ = {
			isa = PBXResourcesBuildPhase;
			buildActionMask = 2147483647;
			files = (
				06BB4F27268C3C13002B8576 /* MusicViewController.xib in Resources */,
				0672BF3C26956CFE00DAA4C9 /* RegisterViewController.xib in Resources */,
				0672BF4126956D3000DAA4C9 /* LoginViewController.xib in Resources */,
				06BB4F1E268C1296002B8576 /* ArtistCollectionViewCell.xib in Resources */,
				0672BF372695688900DAA4C9 /* StartViewController.xib in Resources */,
				0672BF4E2695792900DAA4C9 /* GoogleService-Info.plist in Resources */,
				06BB4ED026899853002B8576 /* LaunchScreen.storyboard in Resources */,
				067BB9A926DCB8A100253E23 /* RankingViewController.xib in Resources */,
				06BB4ECD26899853002B8576 /* Assets.xcassets in Resources */,
				06F5808826D4B6E600161B80 /* RecommendTableViewCell.xib in Resources */,
				067BB9AE26DCB93B00253E23 /* ArtistDetailViewController.xib in Resources */,
				06BB4EFE2689A6D2002B8576 /* SearchViewController.xib in Resources */,
				061ACD8A26DCA5B0005BD734 /* ArtistViewController.xib in Resources */,
				06A105E6269E70AE00B27A0C /* AccountSettingViewController.xib in Resources */,
				06A105EB269E7FD100B27A0C /* GenreViewController.xib in Resources */,
				06BB4F032689A6E8002B8576 /* FavoriteViewController.xib in Resources */,
				06BB4EF6268999D1002B8576 /* HomeViewController.xib in Resources */,
				06BB4F082689A6FC002B8576 /* MyPageViewController.xib in Resources */,
				06F5808326D4B65000161B80 /* RecommendViewController.xib in Resources */,
			);
			runOnlyForDeploymentPostprocessing = 0;
		};
		06BB4ED426899853002B8576 /* Resources */ = {
			isa = PBXResourcesBuildPhase;
			buildActionMask = 2147483647;
			files = (
			);
			runOnlyForDeploymentPostprocessing = 0;
		};
		06BB4EDF26899853002B8576 /* Resources */ = {
			isa = PBXResourcesBuildPhase;
			buildActionMask = 2147483647;
			files = (
			);
			runOnlyForDeploymentPostprocessing = 0;
		};
/* End PBXResourcesBuildPhase section */

/* Begin PBXShellScriptBuildPhase section */
		1CA7FAD92B59D60EAFCF3D81 /* [CP] Copy Pods Resources */ = {
			isa = PBXShellScriptBuildPhase;
			buildActionMask = 2147483647;
			files = (
			);
			inputFileListPaths = (
				"${PODS_ROOT}/Target Support Files/Pods-MusicApp_ios/Pods-MusicApp_ios-resources-${CONFIGURATION}-input-files.xcfilelist",
			);
			name = "[CP] Copy Pods Resources";
			outputFileListPaths = (
				"${PODS_ROOT}/Target Support Files/Pods-MusicApp_ios/Pods-MusicApp_ios-resources-${CONFIGURATION}-output-files.xcfilelist",
			);
			runOnlyForDeploymentPostprocessing = 0;
			shellPath = /bin/sh;
			shellScript = "\"${PODS_ROOT}/Target Support Files/Pods-MusicApp_ios/Pods-MusicApp_ios-resources.sh\"\n";
			showEnvVarsInLog = 0;
		};
		4FE7789B9A9893EBC9DF6A1A /* [CP] Check Pods Manifest.lock */ = {
			isa = PBXShellScriptBuildPhase;
			buildActionMask = 2147483647;
			files = (
			);
			inputFileListPaths = (
			);
			inputPaths = (
				"${PODS_PODFILE_DIR_PATH}/Podfile.lock",
				"${PODS_ROOT}/Manifest.lock",
			);
			name = "[CP] Check Pods Manifest.lock";
			outputFileListPaths = (
			);
			outputPaths = (
				"$(DERIVED_FILE_DIR)/Pods-MusicApp_ios-checkManifestLockResult.txt",
			);
			runOnlyForDeploymentPostprocessing = 0;
			shellPath = /bin/sh;
			shellScript = "diff \"${PODS_PODFILE_DIR_PATH}/Podfile.lock\" \"${PODS_ROOT}/Manifest.lock\" > /dev/null\nif [ $? != 0 ] ; then\n    # print error to STDERR\n    echo \"error: The sandbox is not in sync with the Podfile.lock. Run 'pod install' or update your CocoaPods installation.\" >&2\n    exit 1\nfi\n# This output is used by Xcode 'outputs' to avoid re-running this script phase.\necho \"SUCCESS\" > \"${SCRIPT_OUTPUT_FILE_0}\"\n";
			showEnvVarsInLog = 0;
		};
		A4E2229C801A69C464489147 /* [CP] Embed Pods Frameworks */ = {
			isa = PBXShellScriptBuildPhase;
			buildActionMask = 2147483647;
			files = (
			);
			inputFileListPaths = (
				"${PODS_ROOT}/Target Support Files/Pods-MusicApp_ios/Pods-MusicApp_ios-frameworks-${CONFIGURATION}-input-files.xcfilelist",
			);
			name = "[CP] Embed Pods Frameworks";
			outputFileListPaths = (
				"${PODS_ROOT}/Target Support Files/Pods-MusicApp_ios/Pods-MusicApp_ios-frameworks-${CONFIGURATION}-output-files.xcfilelist",
			);
			runOnlyForDeploymentPostprocessing = 0;
			shellPath = /bin/sh;
			shellScript = "\"${PODS_ROOT}/Target Support Files/Pods-MusicApp_ios/Pods-MusicApp_ios-frameworks.sh\"\n";
			showEnvVarsInLog = 0;
		};
		ED14E08FD9381D6DFA14E1D2 /* [CP] Check Pods Manifest.lock */ = {
			isa = PBXShellScriptBuildPhase;
			buildActionMask = 2147483647;
			files = (
			);
			inputFileListPaths = (
			);
			inputPaths = (
				"${PODS_PODFILE_DIR_PATH}/Podfile.lock",
				"${PODS_ROOT}/Manifest.lock",
			);
			name = "[CP] Check Pods Manifest.lock";
			outputFileListPaths = (
			);
			outputPaths = (
				"$(DERIVED_FILE_DIR)/Pods-MusicApp_iosUITests-checkManifestLockResult.txt",
			);
			runOnlyForDeploymentPostprocessing = 0;
			shellPath = /bin/sh;
			shellScript = "diff \"${PODS_PODFILE_DIR_PATH}/Podfile.lock\" \"${PODS_ROOT}/Manifest.lock\" > /dev/null\nif [ $? != 0 ] ; then\n    # print error to STDERR\n    echo \"error: The sandbox is not in sync with the Podfile.lock. Run 'pod install' or update your CocoaPods installation.\" >&2\n    exit 1\nfi\n# This output is used by Xcode 'outputs' to avoid re-running this script phase.\necho \"SUCCESS\" > \"${SCRIPT_OUTPUT_FILE_0}\"\n";
			showEnvVarsInLog = 0;
		};
		EF852D9FB4390A1560EAF51C /* [CP] Check Pods Manifest.lock */ = {
			isa = PBXShellScriptBuildPhase;
			buildActionMask = 2147483647;
			files = (
			);
			inputFileListPaths = (
			);
			inputPaths = (
				"${PODS_PODFILE_DIR_PATH}/Podfile.lock",
				"${PODS_ROOT}/Manifest.lock",
			);
			name = "[CP] Check Pods Manifest.lock";
			outputFileListPaths = (
			);
			outputPaths = (
				"$(DERIVED_FILE_DIR)/Pods-MusicApp_iosTests-checkManifestLockResult.txt",
			);
			runOnlyForDeploymentPostprocessing = 0;
			shellPath = /bin/sh;
			shellScript = "diff \"${PODS_PODFILE_DIR_PATH}/Podfile.lock\" \"${PODS_ROOT}/Manifest.lock\" > /dev/null\nif [ $? != 0 ] ; then\n    # print error to STDERR\n    echo \"error: The sandbox is not in sync with the Podfile.lock. Run 'pod install' or update your CocoaPods installation.\" >&2\n    exit 1\nfi\n# This output is used by Xcode 'outputs' to avoid re-running this script phase.\necho \"SUCCESS\" > \"${SCRIPT_OUTPUT_FILE_0}\"\n";
			showEnvVarsInLog = 0;
		};
/* End PBXShellScriptBuildPhase section */

/* Begin PBXSourcesBuildPhase section */
		06BB4EBC26899852002B8576 /* Sources */ = {
			isa = PBXSourcesBuildPhase;
			buildActionMask = 2147483647;
			files = (
				06F5808B26D4B83400161B80 /* ReccomendViewModel.swift in Sources */,
				06BB4EFD2689A6D2002B8576 /* SearchViewController.swift in Sources */,
				06BB4EC426899852002B8576 /* AppDelegate.swift in Sources */,
				06BB4F072689A6FC002B8576 /* MyPageViewController.swift in Sources */,
				067BB9B826DCBE7000253E23 /* MusicItem.swift in Sources */,
				0672BF4026956D3000DAA4C9 /* LoginViewController.swift in Sources */,
				067BB9A826DCB8A100253E23 /* RankingViewController.swift in Sources */,
				0672BF442695720E00DAA4C9 /* AuthObject.swift in Sources */,
				067BB9AD26DCB93B00253E23 /* ArtistDetailViewController.swift in Sources */,
				06BB4F23268C34F1002B8576 /* HomeViewModel.swift in Sources */,
				06F5808726D4B6E600161B80 /* RecommendTableViewCell.swift in Sources */,
				0672BF4B269574FF00DAA4C9 /* AccountSettingModel.swift in Sources */,
				06A105EA269E7FD100B27A0C /* GenreViewController.swift in Sources */,
				067BB9B626DCBE4C00253E23 /* ArtistMusicModel.swift in Sources */,
				067BB9B126DCBD7000253E23 /* ArtistDetailViewModel.swift in Sources */,
				06BB4F0B2689AA49002B8576 /* UIColorExtension.swift in Sources */,
				0672BF332695683E00DAA4C9 /* BaseViewController.swift in Sources */,
				0672BF492695726D00DAA4C9 /* LoginViewModel.swift in Sources */,
				06A105F2269E92E000B27A0C /* FirestoreModel.swift in Sources */,
				06BB4F26268C3C13002B8576 /* MusicViewController.swift in Sources */,
				0672BF472695726400DAA4C9 /* RegisterViewModel.swift in Sources */,
				06BB4EC626899852002B8576 /* SceneDelegate.swift in Sources */,
				0672BF362695688900DAA4C9 /* StartViewController.swift in Sources */,
				0672BF3B26956CFE00DAA4C9 /* RegisterViewController.swift in Sources */,
				06BB4F1D268C1296002B8576 /* ArtistCollectionViewCell.swift in Sources */,
				06A105EE269E803D00B27A0C /* AccountSettingViewModel.swift in Sources */,
				06BB4EF5268999D1002B8576 /* HomeViewController.swift in Sources */,
				06BB4F022689A6E8002B8576 /* FavoriteViewController.swift in Sources */,
				06F5808E26D4C53000161B80 /* DecimalStyleUtils.swift in Sources */,
				06BB4EFA26899A24002B8576 /* MusicNavigationController.swift in Sources */,
				06A105F0269E879600B27A0C /* GenreViewModel.swift in Sources */,
				06A105E5269E70AE00B27A0C /* AccountSettingViewController.swift in Sources */,
				06F5808226D4B65000161B80 /* RecommendViewController.swift in Sources */,
				061ACD8926DCA5B0005BD734 /* ArtistViewController.swift in Sources */,
			);
			runOnlyForDeploymentPostprocessing = 0;
		};
		06BB4ED226899853002B8576 /* Sources */ = {
			isa = PBXSourcesBuildPhase;
			buildActionMask = 2147483647;
			files = (
				06BB4EDB26899853002B8576 /* MusicApp_iosTests.swift in Sources */,
			);
			runOnlyForDeploymentPostprocessing = 0;
		};
		06BB4EDD26899853002B8576 /* Sources */ = {
			isa = PBXSourcesBuildPhase;
			buildActionMask = 2147483647;
			files = (
				06BB4EE626899853002B8576 /* MusicApp_iosUITests.swift in Sources */,
			);
			runOnlyForDeploymentPostprocessing = 0;
		};
/* End PBXSourcesBuildPhase section */

/* Begin PBXTargetDependency section */
		06BB4ED826899853002B8576 /* PBXTargetDependency */ = {
			isa = PBXTargetDependency;
			target = 06BB4EBF26899852002B8576 /* MusicApp_ios */;
			targetProxy = 06BB4ED726899853002B8576 /* PBXContainerItemProxy */;
		};
		06BB4EE326899853002B8576 /* PBXTargetDependency */ = {
			isa = PBXTargetDependency;
			target = 06BB4EBF26899852002B8576 /* MusicApp_ios */;
			targetProxy = 06BB4EE226899853002B8576 /* PBXContainerItemProxy */;
		};
/* End PBXTargetDependency section */

/* Begin PBXVariantGroup section */
		06BB4ECE26899853002B8576 /* LaunchScreen.storyboard */ = {
			isa = PBXVariantGroup;
			children = (
				06BB4ECF26899853002B8576 /* Base */,
			);
			name = LaunchScreen.storyboard;
			sourceTree = "<group>";
		};
/* End PBXVariantGroup section */

/* Begin XCBuildConfiguration section */
		06BB4EE826899853002B8576 /* Debug */ = {
			isa = XCBuildConfiguration;
			buildSettings = {
				ALWAYS_SEARCH_USER_PATHS = NO;
				CLANG_ANALYZER_NONNULL = YES;
				CLANG_ANALYZER_NUMBER_OBJECT_CONVERSION = YES_AGGRESSIVE;
				CLANG_CXX_LANGUAGE_STANDARD = "gnu++14";
				CLANG_CXX_LIBRARY = "libc++";
				CLANG_ENABLE_MODULES = YES;
				CLANG_ENABLE_OBJC_ARC = YES;
				CLANG_ENABLE_OBJC_WEAK = YES;
				CLANG_WARN_BLOCK_CAPTURE_AUTORELEASING = YES;
				CLANG_WARN_BOOL_CONVERSION = YES;
				CLANG_WARN_COMMA = YES;
				CLANG_WARN_CONSTANT_CONVERSION = YES;
				CLANG_WARN_DEPRECATED_OBJC_IMPLEMENTATIONS = YES;
				CLANG_WARN_DIRECT_OBJC_ISA_USAGE = YES_ERROR;
				CLANG_WARN_DOCUMENTATION_COMMENTS = YES;
				CLANG_WARN_EMPTY_BODY = YES;
				CLANG_WARN_ENUM_CONVERSION = YES;
				CLANG_WARN_INFINITE_RECURSION = YES;
				CLANG_WARN_INT_CONVERSION = YES;
				CLANG_WARN_NON_LITERAL_NULL_CONVERSION = YES;
				CLANG_WARN_OBJC_IMPLICIT_RETAIN_SELF = YES;
				CLANG_WARN_OBJC_LITERAL_CONVERSION = YES;
				CLANG_WARN_OBJC_ROOT_CLASS = YES_ERROR;
				CLANG_WARN_QUOTED_INCLUDE_IN_FRAMEWORK_HEADER = YES;
				CLANG_WARN_RANGE_LOOP_ANALYSIS = YES;
				CLANG_WARN_STRICT_PROTOTYPES = YES;
				CLANG_WARN_SUSPICIOUS_MOVE = YES;
				CLANG_WARN_UNGUARDED_AVAILABILITY = YES_AGGRESSIVE;
				CLANG_WARN_UNREACHABLE_CODE = YES;
				CLANG_WARN__DUPLICATE_METHOD_MATCH = YES;
				COPY_PHASE_STRIP = NO;
				DEBUG_INFORMATION_FORMAT = dwarf;
				ENABLE_STRICT_OBJC_MSGSEND = YES;
				ENABLE_TESTABILITY = YES;
				GCC_C_LANGUAGE_STANDARD = gnu11;
				GCC_DYNAMIC_NO_PIC = NO;
				GCC_NO_COMMON_BLOCKS = YES;
				GCC_OPTIMIZATION_LEVEL = 0;
				GCC_PREPROCESSOR_DEFINITIONS = (
					"DEBUG=1",
					"$(inherited)",
				);
				GCC_WARN_64_TO_32_BIT_CONVERSION = YES;
				GCC_WARN_ABOUT_RETURN_TYPE = YES_ERROR;
				GCC_WARN_UNDECLARED_SELECTOR = YES;
				GCC_WARN_UNINITIALIZED_AUTOS = YES_AGGRESSIVE;
				GCC_WARN_UNUSED_FUNCTION = YES;
				GCC_WARN_UNUSED_VARIABLE = YES;
				IPHONEOS_DEPLOYMENT_TARGET = 13.0;
				MTL_ENABLE_DEBUG_INFO = INCLUDE_SOURCE;
				MTL_FAST_MATH = YES;
				ONLY_ACTIVE_ARCH = YES;
				SDKROOT = iphoneos;
				SWIFT_ACTIVE_COMPILATION_CONDITIONS = DEBUG;
				SWIFT_OPTIMIZATION_LEVEL = "-Onone";
			};
			name = Debug;
		};
		06BB4EE926899853002B8576 /* Release */ = {
			isa = XCBuildConfiguration;
			buildSettings = {
				ALWAYS_SEARCH_USER_PATHS = NO;
				CLANG_ANALYZER_NONNULL = YES;
				CLANG_ANALYZER_NUMBER_OBJECT_CONVERSION = YES_AGGRESSIVE;
				CLANG_CXX_LANGUAGE_STANDARD = "gnu++14";
				CLANG_CXX_LIBRARY = "libc++";
				CLANG_ENABLE_MODULES = YES;
				CLANG_ENABLE_OBJC_ARC = YES;
				CLANG_ENABLE_OBJC_WEAK = YES;
				CLANG_WARN_BLOCK_CAPTURE_AUTORELEASING = YES;
				CLANG_WARN_BOOL_CONVERSION = YES;
				CLANG_WARN_COMMA = YES;
				CLANG_WARN_CONSTANT_CONVERSION = YES;
				CLANG_WARN_DEPRECATED_OBJC_IMPLEMENTATIONS = YES;
				CLANG_WARN_DIRECT_OBJC_ISA_USAGE = YES_ERROR;
				CLANG_WARN_DOCUMENTATION_COMMENTS = YES;
				CLANG_WARN_EMPTY_BODY = YES;
				CLANG_WARN_ENUM_CONVERSION = YES;
				CLANG_WARN_INFINITE_RECURSION = YES;
				CLANG_WARN_INT_CONVERSION = YES;
				CLANG_WARN_NON_LITERAL_NULL_CONVERSION = YES;
				CLANG_WARN_OBJC_IMPLICIT_RETAIN_SELF = YES;
				CLANG_WARN_OBJC_LITERAL_CONVERSION = YES;
				CLANG_WARN_OBJC_ROOT_CLASS = YES_ERROR;
				CLANG_WARN_QUOTED_INCLUDE_IN_FRAMEWORK_HEADER = YES;
				CLANG_WARN_RANGE_LOOP_ANALYSIS = YES;
				CLANG_WARN_STRICT_PROTOTYPES = YES;
				CLANG_WARN_SUSPICIOUS_MOVE = YES;
				CLANG_WARN_UNGUARDED_AVAILABILITY = YES_AGGRESSIVE;
				CLANG_WARN_UNREACHABLE_CODE = YES;
				CLANG_WARN__DUPLICATE_METHOD_MATCH = YES;
				COPY_PHASE_STRIP = NO;
				DEBUG_INFORMATION_FORMAT = "dwarf-with-dsym";
				ENABLE_NS_ASSERTIONS = NO;
				ENABLE_STRICT_OBJC_MSGSEND = YES;
				GCC_C_LANGUAGE_STANDARD = gnu11;
				GCC_NO_COMMON_BLOCKS = YES;
				GCC_WARN_64_TO_32_BIT_CONVERSION = YES;
				GCC_WARN_ABOUT_RETURN_TYPE = YES_ERROR;
				GCC_WARN_UNDECLARED_SELECTOR = YES;
				GCC_WARN_UNINITIALIZED_AUTOS = YES_AGGRESSIVE;
				GCC_WARN_UNUSED_FUNCTION = YES;
				GCC_WARN_UNUSED_VARIABLE = YES;
				IPHONEOS_DEPLOYMENT_TARGET = 13.0;
				MTL_ENABLE_DEBUG_INFO = NO;
				MTL_FAST_MATH = YES;
				SDKROOT = iphoneos;
				SWIFT_COMPILATION_MODE = wholemodule;
				SWIFT_OPTIMIZATION_LEVEL = "-O";
				VALIDATE_PRODUCT = YES;
			};
			name = Release;
		};
		06BB4EEB26899853002B8576 /* Debug */ = {
			isa = XCBuildConfiguration;
			baseConfigurationReference = 796FD70C89CD08017751DBEC /* Pods-MusicApp_ios.debug.xcconfig */;
			buildSettings = {
				ASSETCATALOG_COMPILER_APPICON_NAME = AppIcon;
				ASSETCATALOG_COMPILER_GLOBAL_ACCENT_COLOR_NAME = AccentColor;
				CODE_SIGN_IDENTITY = "iPhone Developer";
				CODE_SIGN_STYLE = Manual;
				DEVELOPMENT_TEAM = 657Z774V99;
				INFOPLIST_FILE = MusicApp_ios/Info.plist;
				LD_RUNPATH_SEARCH_PATHS = (
					"$(inherited)",
					"@executable_path/Frameworks",
				);
				PRODUCT_BUNDLE_IDENTIFIER = "jp.softbank.i.sin-107-m.MusicApp-ios";
				PRODUCT_NAME = "$(TARGET_NAME)";
				PROVISIONING_PROFILE_SPECIFIER = "MusicApp-debug";
				SWIFT_VERSION = 5.0;
				TARGETED_DEVICE_FAMILY = 1;
			};
			name = Debug;
		};
		06BB4EEC26899853002B8576 /* Release */ = {
			isa = XCBuildConfiguration;
			baseConfigurationReference = E08F2AA3A5CAF3933BDB0A2A /* Pods-MusicApp_ios.release.xcconfig */;
			buildSettings = {
				ASSETCATALOG_COMPILER_APPICON_NAME = AppIcon;
				ASSETCATALOG_COMPILER_GLOBAL_ACCENT_COLOR_NAME = AccentColor;
				CODE_SIGN_IDENTITY = "iPhone Developer";
				CODE_SIGN_STYLE = Manual;
				DEVELOPMENT_TEAM = 657Z774V99;
				INFOPLIST_FILE = MusicApp_ios/Info.plist;
				LD_RUNPATH_SEARCH_PATHS = (
					"$(inherited)",
					"@executable_path/Frameworks",
				);
				PRODUCT_BUNDLE_IDENTIFIER = "jp.softbank.i.sin-107-m.MusicApp-ios";
				PRODUCT_NAME = "$(TARGET_NAME)";
				PROVISIONING_PROFILE_SPECIFIER = "MusicApp-debug";
				SWIFT_VERSION = 5.0;
				TARGETED_DEVICE_FAMILY = 1;
			};
			name = Release;
		};
		06BB4EEE26899853002B8576 /* Debug */ = {
			isa = XCBuildConfiguration;
			baseConfigurationReference = 2DDC62A9167A07F59DAD5BD2 /* Pods-MusicApp_iosTests.debug.xcconfig */;
			buildSettings = {
				ALWAYS_EMBED_SWIFT_STANDARD_LIBRARIES = YES;
				BUNDLE_LOADER = "$(TEST_HOST)";
				CODE_SIGN_STYLE = Automatic;
				DEVELOPMENT_TEAM = 8UFM9X9VD4;
				INFOPLIST_FILE = MusicApp_iosTests/Info.plist;
				IPHONEOS_DEPLOYMENT_TARGET = 14.5;
				LD_RUNPATH_SEARCH_PATHS = (
					"$(inherited)",
					"@executable_path/Frameworks",
					"@loader_path/Frameworks",
				);
				PRODUCT_BUNDLE_IDENTIFIER = "jp.softbank.i.m-107-sin.MusicApp-iosTests";
				PRODUCT_NAME = "$(TARGET_NAME)";
				SWIFT_VERSION = 5.0;
				TARGETED_DEVICE_FAMILY = "1,2";
				TEST_HOST = "$(BUILT_PRODUCTS_DIR)/MusicApp_ios.app/MusicApp_ios";
			};
			name = Debug;
		};
		06BB4EEF26899853002B8576 /* Release */ = {
			isa = XCBuildConfiguration;
			baseConfigurationReference = 7AC7CCB37D056A0E928D5B93 /* Pods-MusicApp_iosTests.release.xcconfig */;
			buildSettings = {
				ALWAYS_EMBED_SWIFT_STANDARD_LIBRARIES = YES;
				BUNDLE_LOADER = "$(TEST_HOST)";
				CODE_SIGN_STYLE = Automatic;
				DEVELOPMENT_TEAM = 8UFM9X9VD4;
				INFOPLIST_FILE = MusicApp_iosTests/Info.plist;
				IPHONEOS_DEPLOYMENT_TARGET = 14.5;
				LD_RUNPATH_SEARCH_PATHS = (
					"$(inherited)",
					"@executable_path/Frameworks",
					"@loader_path/Frameworks",
				);
				PRODUCT_BUNDLE_IDENTIFIER = "jp.softbank.i.m-107-sin.MusicApp-iosTests";
				PRODUCT_NAME = "$(TARGET_NAME)";
				SWIFT_VERSION = 5.0;
				TARGETED_DEVICE_FAMILY = "1,2";
				TEST_HOST = "$(BUILT_PRODUCTS_DIR)/MusicApp_ios.app/MusicApp_ios";
			};
			name = Release;
		};
		06BB4EF126899853002B8576 /* Debug */ = {
			isa = XCBuildConfiguration;
			baseConfigurationReference = 71BA3F46B636B9DA8824E03B /* Pods-MusicApp_iosUITests.debug.xcconfig */;
			buildSettings = {
				ALWAYS_EMBED_SWIFT_STANDARD_LIBRARIES = YES;
				CODE_SIGN_STYLE = Automatic;
				DEVELOPMENT_TEAM = 8UFM9X9VD4;
				INFOPLIST_FILE = MusicApp_iosUITests/Info.plist;
				LD_RUNPATH_SEARCH_PATHS = (
					"$(inherited)",
					"@executable_path/Frameworks",
					"@loader_path/Frameworks",
				);
				PRODUCT_BUNDLE_IDENTIFIER = "jp.softbank.i.m-107-sin.MusicApp-iosUITests";
				PRODUCT_NAME = "$(TARGET_NAME)";
				SWIFT_VERSION = 5.0;
				TARGETED_DEVICE_FAMILY = "1,2";
				TEST_TARGET_NAME = MusicApp_ios;
			};
			name = Debug;
		};
		06BB4EF226899853002B8576 /* Release */ = {
			isa = XCBuildConfiguration;
			baseConfigurationReference = E497D8245EE7E752C4A43005 /* Pods-MusicApp_iosUITests.release.xcconfig */;
			buildSettings = {
				ALWAYS_EMBED_SWIFT_STANDARD_LIBRARIES = YES;
				CODE_SIGN_STYLE = Automatic;
				DEVELOPMENT_TEAM = 8UFM9X9VD4;
				INFOPLIST_FILE = MusicApp_iosUITests/Info.plist;
				LD_RUNPATH_SEARCH_PATHS = (
					"$(inherited)",
					"@executable_path/Frameworks",
					"@loader_path/Frameworks",
				);
				PRODUCT_BUNDLE_IDENTIFIER = "jp.softbank.i.m-107-sin.MusicApp-iosUITests";
				PRODUCT_NAME = "$(TARGET_NAME)";
				SWIFT_VERSION = 5.0;
				TARGETED_DEVICE_FAMILY = "1,2";
				TEST_TARGET_NAME = MusicApp_ios;
			};
			name = Release;
		};
/* End XCBuildConfiguration section */

/* Begin XCConfigurationList section */
		06BB4EBB26899852002B8576 /* Build configuration list for PBXProject "MusicApp_ios" */ = {
			isa = XCConfigurationList;
			buildConfigurations = (
				06BB4EE826899853002B8576 /* Debug */,
				06BB4EE926899853002B8576 /* Release */,
			);
			defaultConfigurationIsVisible = 0;
			defaultConfigurationName = Release;
		};
		06BB4EEA26899853002B8576 /* Build configuration list for PBXNativeTarget "MusicApp_ios" */ = {
			isa = XCConfigurationList;
			buildConfigurations = (
				06BB4EEB26899853002B8576 /* Debug */,
				06BB4EEC26899853002B8576 /* Release */,
			);
			defaultConfigurationIsVisible = 0;
			defaultConfigurationName = Release;
		};
		06BB4EED26899853002B8576 /* Build configuration list for PBXNativeTarget "MusicApp_iosTests" */ = {
			isa = XCConfigurationList;
			buildConfigurations = (
				06BB4EEE26899853002B8576 /* Debug */,
				06BB4EEF26899853002B8576 /* Release */,
			);
			defaultConfigurationIsVisible = 0;
			defaultConfigurationName = Release;
		};
		06BB4EF026899853002B8576 /* Build configuration list for PBXNativeTarget "MusicApp_iosUITests" */ = {
			isa = XCConfigurationList;
			buildConfigurations = (
				06BB4EF126899853002B8576 /* Debug */,
				06BB4EF226899853002B8576 /* Release */,
			);
			defaultConfigurationIsVisible = 0;
			defaultConfigurationName = Release;
		};
/* End XCConfigurationList section */
	};
	rootObject = 06BB4EB826899852002B8576 /* Project object */;
}
